[[package]]
name = "anyio"
version = "3.6.2"
requires_python = ">=3.6.2"
summary = "High level compatibility layer for multiple asynchronous event loop implementations"
dependencies = [
    "idna>=2.8",
    "sniffio>=1.1",
]

[[package]]
name = "dnspython"
version = "2.2.1"
requires_python = ">=3.6,<4.0"
summary = "DNS toolkit"

[[package]]
name = "fastapi"
version = "0.85.1"
requires_python = ">=3.7"
summary = "FastAPI framework, high performance, easy to learn, fast to code, ready for production"
dependencies = [
    "pydantic!=1.7,!=1.7.1,!=1.7.2,!=1.7.3,!=1.8,!=1.8.1,<2.0.0,>=1.6.2",
    "starlette==0.20.4",
]

[[package]]
name = "idna"
version = "3.4"
requires_python = ">=3.5"
summary = "Internationalized Domain Names in Applications (IDNA)"

[[package]]
name = "jinja2"
version = "3.1.2"
requires_python = ">=3.7"
summary = "A very fast and expressive template engine."
dependencies = [
    "MarkupSafe>=2.0",
]

[[package]]
name = "markupsafe"
version = "2.1.1"
requires_python = ">=3.7"
summary = "Safely add untrusted strings to HTML/XML markup."

[[package]]
name = "pdoc"
version = "12.2.0"
requires_python = ">=3.7"
summary = "API Documentation for Python Projects"
dependencies = [
    "Jinja2>=2.11.0",
    "MarkupSafe",
    "pygments>=2.12.0",
]

[[package]]
name = "pydantic"
version = "1.10.2"
requires_python = ">=3.7"
summary = "Data validation and settings management using python type hints"
dependencies = [
    "typing-extensions>=4.1.0",
]

[[package]]
name = "pygments"
version = "2.13.0"
requires_python = ">=3.6"
summary = "Pygments is a syntax highlighting package written in Python."

[[package]]
name = "pymongo"
version = "4.3.2"
requires_python = ">=3.7"
summary = "Python driver for MongoDB <http://www.mongodb.org>"
dependencies = [
    "dnspython<3.0.0,>=1.16.0",
]

[[package]]
name = "rfc3986"
version = "2.0.0"
requires_python = ">=3.7"
summary = "Validating URI References per RFC 3986"

[[package]]
name = "sniffio"
version = "1.3.0"
requires_python = ">=3.7"
summary = "Sniff out which async library your code is running under"

[[package]]
name = "starlette"
version = "0.20.4"
requires_python = ">=3.7"
summary = "The little ASGI library that shines."
dependencies = [
    "anyio<5,>=3.4.0",
    "typing-extensions>=3.10.0; python_version < \"3.10\"",
]

[[package]]
name = "typing-extensions"
version = "4.4.0"
requires_python = ">=3.7"
summary = "Backported and Experimental Type Hints for Python 3.7+"

[metadata]
lock_version = "4.0"
content_hash = "sha256:3220407f53dfa15b1ba6844660519cd16aedc8b262d9214a23ebc46da8b9a8ac"

[metadata.files]
"anyio 3.6.2" = [
    {url = "https://files.pythonhosted.org/packages/77/2b/b4c0b7a3f3d61adb1a1e0b78f90a94e2b6162a043880704b7437ef297cad/anyio-3.6.2-py3-none-any.whl", hash = "sha256:fbbe32bd270d2a2ef3ed1c5d45041250284e31fc0a4df4a5a6071842051a51e3"},
    {url = "https://files.pythonhosted.org/packages/8b/94/6928d4345f2bc1beecbff03325cad43d320717f51ab74ab5a571324f4f5a/anyio-3.6.2.tar.gz", hash = "sha256:25ea0d673ae30af41a0c442f81cf3b38c7e79fdc7b60335a4c14e05eb0947421"},
]
"dnspython 2.2.1" = [
    {url = "https://files.pythonhosted.org/packages/99/fb/e7cd35bba24295ad41abfdff30f6b4c271fd6ac70d20132fa503c3e768e0/dnspython-2.2.1.tar.gz", hash = "sha256:0f7569a4a6ff151958b64304071d370daa3243d15941a7beedf0c9fe5105603e"},
    {url = "https://files.pythonhosted.org/packages/9b/ed/28fb14146c7033ba0e89decd92a4fa16b0b69b84471e2deab3cc4337cc35/dnspython-2.2.1-py3-none-any.whl", hash = "sha256:a851e51367fb93e9e1361732c1d60dab63eff98712e503ea7d92e6eccb109b4f"},
]
"fastapi 0.85.1" = [
    {url = "https://files.pythonhosted.org/packages/76/06/167f461067a95fb631fdf65657089364dc43844bc38d8c39374c3abbc746/fastapi-0.85.1.tar.gz", hash = "sha256:1facd097189682a4ff11cbd01334a992e51b56be663b2bd50c2c09523624f144"},
    {url = "https://files.pythonhosted.org/packages/bf/54/6eb1882b5cb29e6647df92ee74d0a93dab149234ec914563cab955fa667f/fastapi-0.85.1-py3-none-any.whl", hash = "sha256:de3166b6b1163dc22da4dc4ebdc3192fcbac7700dd1870a1afa44de636a636b5"},
]
"idna 3.4" = [
    {url = "https://files.pythonhosted.org/packages/8b/e1/43beb3d38dba6cb420cefa297822eac205a277ab43e5ba5d5c46faf96438/idna-3.4.tar.gz", hash = "sha256:814f528e8dead7d329833b91c5faa87d60bf71824cd12a7530b5526063d02cb4"},
    {url = "https://files.pythonhosted.org/packages/fc/34/3030de6f1370931b9dbb4dad48f6ab1015ab1d32447850b9fc94e60097be/idna-3.4-py3-none-any.whl", hash = "sha256:90b77e79eaa3eba6de819a0c442c0b4ceefc341a7a2ab77d7562bf49f425c5c2"},
]
"jinja2 3.1.2" = [
    {url = "https://files.pythonhosted.org/packages/7a/ff/75c28576a1d900e87eb6335b063fab47a8ef3c8b4d88524c4bf78f670cce/Jinja2-3.1.2.tar.gz", hash = "sha256:31351a702a408a9e7595a8fc6150fc3f43bb6bf7e319770cbc0db9df9437e852"},
    {url = "https://files.pythonhosted.org/packages/bc/c3/f068337a370801f372f2f8f6bad74a5c140f6fda3d9de154052708dd3c65/Jinja2-3.1.2-py3-none-any.whl", hash = "sha256:6088930bfe239f0e6710546ab9c19c9ef35e29792895fed6e6e31a023a182a61"},
]
"markupsafe 2.1.1" = [
    {url = "https://files.pythonhosted.org/packages/06/7f/d5e46d7464360b6ac39c5b0b604770dba937e3d7cab485d2f3298454717b/MarkupSafe-2.1.1-cp39-cp39-macosx_10_9_universal2.whl", hash = "sha256:e04e26803c9c3851c931eac40c695602c6295b8d432cbe78609649ad9bd2da8a"},
    {url = "https://files.pythonhosted.org/packages/0f/53/b14de4ede9c2bd76d28e7911033b065ac42896f1cfb258d3ff65cf0332d2/MarkupSafe-2.1.1-cp39-cp39-musllinux_1_1_x86_64.whl", hash = "sha256:8e3dcf21f367459434c18e71b2a9532d96547aef8a871872a5bd69a715c15f96"},
    {url = "https://files.pythonhosted.org/packages/18/a6/913b1d80fe93f7c3aa79206544b98841616c3eaa7790f37bdfb9fc13311e/MarkupSafe-2.1.1-cp38-cp38-manylinux_2_17_aarch64.manylinux2014_aarch64.whl", hash = "sha256:8e576a51ad59e4bfaac456023a78f6b5e6e7651dcd383bcc3e18d06f9b55d6d1"},
    {url = "https://files.pythonhosted.org/packages/1b/b3/93411f10caaccc6fc9c53bbdae4f6d26997248ae574e2f0c90e912b67f73/MarkupSafe-2.1.1-cp37-cp37m-musllinux_1_1_aarch64.whl", hash = "sha256:d5ee4f386140395a2c818d149221149c54849dfcfcb9f1debfe07a8b8bd63f9a"},
    {url = "https://files.pythonhosted.org/packages/1d/97/2288fe498044284f39ab8950703e88abbac2abbdf65524d576157af70556/MarkupSafe-2.1.1.tar.gz", hash = "sha256:7f91197cc9e48f989d12e4e6fbc46495c446636dfc81b9ccf50bb0ec74b91d4b"},
    {url = "https://files.pythonhosted.org/packages/25/c4/a75659da6d6b03d2d8ef296b2a8bc73e8c5b1533ee31569a958a292f0929/MarkupSafe-2.1.1-cp39-cp39-win32.whl", hash = "sha256:d4306c36ca495956b6d568d276ac11fdd9c30a36f1b6eb928070dc5360b22e1c"},
    {url = "https://files.pythonhosted.org/packages/26/03/2c11ba1a8b2327adea3f59f1c9c9ee9c59e86023925f929e63c4f028b10a/MarkupSafe-2.1.1-cp39-cp39-macosx_10_9_x86_64.whl", hash = "sha256:b87db4360013327109564f0e591bd2a3b318547bcef31b468a92ee504d07ae4f"},
    {url = "https://files.pythonhosted.org/packages/2c/81/91062a81ac8a18f557f12e2618475b53878755c016c9914c8aa207155c4e/MarkupSafe-2.1.1-cp38-cp38-win_amd64.whl", hash = "sha256:fc7b548b17d238737688817ab67deebb30e8073c95749d55538ed473130ec0c7"},
    {url = "https://files.pythonhosted.org/packages/3a/fc/dccc18170917f2cc2a5b77aad97f5f27d992ef0f2b9fb9e334ee71bf5301/MarkupSafe-2.1.1-cp39-cp39-musllinux_1_1_aarch64.whl", hash = "sha256:33b74d289bd2f5e527beadcaa3f401e0df0a89927c1559c8566c066fa4248ab7"},
    {url = "https://files.pythonhosted.org/packages/3c/d3/c7ab031b14ae4e83214949acee957a8fcf6a992698edff039ee1e77eb4e1/MarkupSafe-2.1.1-cp38-cp38-macosx_10_9_x86_64.whl", hash = "sha256:0212a68688482dc52b2d45013df70d169f542b7394fc744c02a57374a4207003"},
    {url = "https://files.pythonhosted.org/packages/3d/4b/15e5b9d40c4b58e97ebcb8ed5845a215fa5b7cf49a7f1cc7908f8db9cf46/MarkupSafe-2.1.1-cp310-cp310-win_amd64.whl", hash = "sha256:dda30ba7e87fbbb7eab1ec9f58678558fd9a6b8b853530e176eabd064da81417"},
    {url = "https://files.pythonhosted.org/packages/3f/38/f422a81b41bdac48f1d19c45f6e203c04bc45d2c35505873fdecdddee1ec/MarkupSafe-2.1.1-cp37-cp37m-win_amd64.whl", hash = "sha256:97a68e6ada378df82bc9f16b800ab77cbf4b2fada0081794318520138c088e4a"},
    {url = "https://files.pythonhosted.org/packages/48/a9/cf226ea201542a724b113bac70dd0dfb72106da3621120c525c8eafadac2/MarkupSafe-2.1.1-cp37-cp37m-manylinux_2_17_aarch64.manylinux2014_aarch64.whl", hash = "sha256:3799351e2336dc91ea70b034983ee71cf2f9533cdff7c14c90ea126bfd95d65a"},
    {url = "https://files.pythonhosted.org/packages/5c/1a/ac3a2b2a4ef1196c15dd8a143fc28eddeb6e6871d6d1de64dc44ef7f59b6/MarkupSafe-2.1.1-cp310-cp310-musllinux_1_1_i686.whl", hash = "sha256:694deca8d702d5db21ec83983ce0bb4b26a578e71fbdbd4fdcd387daa90e4d5e"},
    {url = "https://files.pythonhosted.org/packages/5e/3d/0a7df21deca52e20de81f8a895ac29df68944588c0030be9aa1e6c07877c/MarkupSafe-2.1.1-cp310-cp310-win32.whl", hash = "sha256:4a33dea2b688b3190ee12bd7cfa29d39c9ed176bda40bfa11099a3ce5d3a7ac6"},
    {url = "https://files.pythonhosted.org/packages/68/b5/b3aafabe7e1f71aa64ffe32fd8c767fd7db1bb304d339d8df6f2fdd2543c/MarkupSafe-2.1.1-cp38-cp38-musllinux_1_1_i686.whl", hash = "sha256:089cf3dbf0cd6c100f02945abeb18484bd1ee57a079aefd52cffd17fba910b88"},
    {url = "https://files.pythonhosted.org/packages/69/60/08791e4a971ea976f0fd58fb916d76de7c962dc8e26430564258820ac21f/MarkupSafe-2.1.1-cp38-cp38-manylinux_2_5_i686.manylinux1_i686.manylinux_2_17_i686.manylinux2014_i686.whl", hash = "sha256:96e37a3dc86e80bf81758c152fe66dbf60ed5eca3d26305edf01892257049925"},
    {url = "https://files.pythonhosted.org/packages/6c/44/cd459988fe29cb82f0482fe6b6c47ec17ae700a500634edd876075d5e1ee/MarkupSafe-2.1.1-cp38-cp38-win32.whl", hash = "sha256:421be9fbf0ffe9ffd7a378aafebbf6f4602d564d34be190fc19a193232fd12b1"},
    {url = "https://files.pythonhosted.org/packages/71/dc/41cbfe0d9aefdf14226dbf4eccfd0079a0e297809a17c5b902c9a7a3cc9a/MarkupSafe-2.1.1-cp39-cp39-win_amd64.whl", hash = "sha256:46d00d6cfecdde84d40e572d63735ef81423ad31184100411e6e3388d405e247"},
    {url = "https://files.pythonhosted.org/packages/73/68/628f6dbbf5088723a2b939d97c0a2e059d0cc654ce92a6fac5c7959edaff/MarkupSafe-2.1.1-cp39-cp39-manylinux_2_5_i686.manylinux1_i686.manylinux_2_17_i686.manylinux2014_i686.whl", hash = "sha256:3ce11ee3f23f79dbd06fb3d63e2f6af7b12db1d46932fe7bd8afa259a5996603"},
    {url = "https://files.pythonhosted.org/packages/7f/d7/a0ee1e3a608ca2f80c66c43c699ab063b4b8979c51f8299229b1960f6860/MarkupSafe-2.1.1-cp37-cp37m-win32.whl", hash = "sha256:8dc1c72a69aa7e082593c4a203dcf94ddb74bb5c8a731e4e1eb68d031e8498ff"},
    {url = "https://files.pythonhosted.org/packages/82/3d/523e40c45dc1f53b35e60c6e8563dec523f7b6c113f823d5e123dd431631/MarkupSafe-2.1.1-cp39-cp39-manylinux_2_17_aarch64.manylinux2014_aarch64.whl", hash = "sha256:99a2a507ed3ac881b975a2976d59f38c19386d128e7a9a18b7df6fff1fd4c1d6"},
    {url = "https://files.pythonhosted.org/packages/87/31/ab37f60fde001c02ac115da6f66a2d934d37407f257ad8e15ed69093c7fb/MarkupSafe-2.1.1-cp37-cp37m-manylinux_2_5_i686.manylinux1_i686.manylinux_2_17_i686.manylinux2014_i686.whl", hash = "sha256:6fbf47b5d3728c6aea2abb0589b5d30459e369baa772e0f37a0320185e87c980"},
    {url = "https://files.pythonhosted.org/packages/8c/96/7e608e1a942232cb8c81ca24093e71e07e2bacbeb2dad62a0f82da28ed54/MarkupSafe-2.1.1-cp310-cp310-macosx_10_9_x86_64.whl", hash = "sha256:f121a1420d4e173a5d96e47e9a0c0dcff965afdf1626d28de1460815f7c4ee7a"},
    {url = "https://files.pythonhosted.org/packages/92/7c/3c33294e506eafa7f1c40dd283089a45652ea0f073fc0ce24419d46bfe4b/MarkupSafe-2.1.1-cp38-cp38-macosx_10_9_universal2.whl", hash = "sha256:e8c843bbcda3a2f1e3c2ab25913c80a3c5376cd00c6e8c4a86a89a28c8dc5452"},
    {url = "https://files.pythonhosted.org/packages/9e/82/2e089c6f34e77c073aa5a67040d368aac0dfb9b8ccbb46d381452c26fc33/MarkupSafe-2.1.1-cp310-cp310-manylinux_2_17_x86_64.manylinux2014_x86_64.whl", hash = "sha256:10c1bfff05d95783da83491be968e8fe789263689c02724e0c691933c52994f5"},
    {url = "https://files.pythonhosted.org/packages/9f/83/b221ce5a0224f409b9f02b0dc6cb0b921c46033f4870d64fa3e8a96af701/MarkupSafe-2.1.1-cp37-cp37m-manylinux_2_17_x86_64.manylinux2014_x86_64.whl", hash = "sha256:e72591e9ecd94d7feb70c1cbd7be7b3ebea3f548870aa91e2732960fa4d57a37"},
    {url = "https://files.pythonhosted.org/packages/a3/47/9dcc08eff8ab94f1e50f59f9cd322b710ef5db7e8590fdd8df924406fc9c/MarkupSafe-2.1.1-cp310-cp310-manylinux_2_5_i686.manylinux1_i686.manylinux_2_17_i686.manylinux2014_i686.whl", hash = "sha256:b7bd98b796e2b6553da7225aeb61f447f80a1ca64f41d83612e6139ca5213aa4"},
    {url = "https://files.pythonhosted.org/packages/ad/fa/292a72cddad41e3c06227b446a0af53ff642a40755fc5bd695f439c35ba8/MarkupSafe-2.1.1-cp310-cp310-musllinux_1_1_aarch64.whl", hash = "sha256:b09bf97215625a311f669476f44b8b318b075847b49316d3e28c08e41a7a573f"},
    {url = "https://files.pythonhosted.org/packages/ba/16/3627f852d8a846c0fc52ad1beac6e27894a8344cc2c26036db51acb82c3e/MarkupSafe-2.1.1-cp39-cp39-musllinux_1_1_i686.whl", hash = "sha256:43093fb83d8343aac0b1baa75516da6092f58f41200907ef92448ecab8825135"},
    {url = "https://files.pythonhosted.org/packages/ba/a9/6291d3fdaf0ecac5fbafe462258c5174f11fd752076ba05c2c022ee64f77/MarkupSafe-2.1.1-cp37-cp37m-musllinux_1_1_x86_64.whl", hash = "sha256:e1c0b87e09fa55a220f058d1d49d3fb8df88fbfab58558f1198e08c1e1de842a"},
    {url = "https://files.pythonhosted.org/packages/be/d8/5ab7f07d8f60155c4f12b4b2dca785355b8ee7e16b2d3f00c3830add5f10/MarkupSafe-2.1.1-cp38-cp38-musllinux_1_1_x86_64.whl", hash = "sha256:6a074d34ee7a5ce3effbc526b7083ec9731bb3cbf921bbe1d3005d4d2bdb3a63"},
    {url = "https://files.pythonhosted.org/packages/d0/1f/9677deb5b2768ca503e5ed8464a28f47a854d415b9d1b84445efa8363ca6/MarkupSafe-2.1.1-cp37-cp37m-musllinux_1_1_i686.whl", hash = "sha256:bcb3ed405ed3222f9904899563d6fc492ff75cce56cba05e32eff40e6acbeaa3"},
    {url = "https://files.pythonhosted.org/packages/d3/4f/9ea1c0a7796f7f81371b40d32aa31766b76fbdba316abf888897042e6e0f/MarkupSafe-2.1.1-cp38-cp38-musllinux_1_1_aarch64.whl", hash = "sha256:6d0072fea50feec76a4c418096652f2c3238eaa014b2f94aeb1d56a66b41403f"},
    {url = "https://files.pythonhosted.org/packages/d9/60/94e9de017674f88a514804e2924bdede9a642aba179d2045214719d6ec76/MarkupSafe-2.1.1-cp310-cp310-macosx_10_9_universal2.whl", hash = "sha256:86b1f75c4e7c2ac2ccdaec2b9022845dbb81880ca318bb7a0a01fbf7813e3812"},
    {url = "https://files.pythonhosted.org/packages/df/06/c515c5bc43b90462e753bc768e6798193c6520c9c7eb2054c7466779a9db/MarkupSafe-2.1.1-cp39-cp39-manylinux_2_17_x86_64.manylinux2014_x86_64.whl", hash = "sha256:56442863ed2b06d19c37f94d999035e15ee982988920e12a5b4ba29b62ad1f77"},
    {url = "https://files.pythonhosted.org/packages/f9/f8/13ffc95bf8a8c98d611b9f9fa5aa88625b9a82fce528e58f1aafba14946b/MarkupSafe-2.1.1-cp37-cp37m-macosx_10_9_x86_64.whl", hash = "sha256:671cd1187ed5e62818414afe79ed29da836dde67166a9fac6d435873c44fdd02"},
    {url = "https://files.pythonhosted.org/packages/fc/e4/78c7607352dd574d524daad079f855757d406d36b919b1864a5a07978390/MarkupSafe-2.1.1-cp310-cp310-musllinux_1_1_x86_64.whl", hash = "sha256:efc1913fd2ca4f334418481c7e595c00aad186563bbc1ec76067848c7ca0a933"},
    {url = "https://files.pythonhosted.org/packages/fd/f4/524d2e8f5a3727cf309c2b7df7c732038375322df1376c9e9ef3aa92fcaf/MarkupSafe-2.1.1-cp38-cp38-manylinux_2_17_x86_64.manylinux2014_x86_64.whl", hash = "sha256:4b9fe39a2ccc108a4accc2676e77da025ce383c108593d65cc909add5c3bd601"},
    {url = "https://files.pythonhosted.org/packages/ff/3a/42262a3aa6415befee33b275b31afbcef4f7f8d2f4380061b226c692ee2a/MarkupSafe-2.1.1-cp310-cp310-manylinux_2_17_aarch64.manylinux2014_aarch64.whl", hash = "sha256:a49907dd8420c5685cfa064a1335b6754b74541bbb3706c259c02ed65b644b3e"},
]
"pdoc 12.2.0" = [
    {url = "https://files.pythonhosted.org/packages/0f/a8/f8fdbf71c5f82c2180adaaab7c6d059caef425025b757c3efedc93504d56/pdoc-12.2.0-py3-none-any.whl", hash = "sha256:043ab59983ea166ba15c9950eca3683194e5fbc7bbcdd61595f95d18fdc5c05c"},
    {url = "https://files.pythonhosted.org/packages/de/f3/e7a91c575b65df8d7833f1bd9dcac9ad57239df545513898f175da593749/pdoc-12.2.0.tar.gz", hash = "sha256:1a4f2ca3f02772941b7b7fe85cb50b9b0c86ed4c2417bcf7d0bd7ad189ae1ba8"},
]
"pydantic 1.10.2" = [
    {url = "https://files.pythonhosted.org/packages/13/e3/5b83cba317390c9125e049a5328b8e19475098362d398a65936aaab3f00f/pydantic-1.10.2-cp38-cp38-musllinux_1_1_i686.whl", hash = "sha256:1ee433e274268a4b0c8fde7ad9d58ecba12b069a033ecc4645bb6303c062d2e9"},
    {url = "https://files.pythonhosted.org/packages/22/53/196c9a5752e30d682e493d7c00ea0a02377446578e577ae5e085010dc0bd/pydantic-1.10.2-cp37-cp37m-manylinux_2_17_x86_64.manylinux2014_x86_64.whl", hash = "sha256:81a7b66c3f499108b448f3f004801fcd7d7165fb4200acb03f1c2402da73ce4c"},
    {url = "https://files.pythonhosted.org/packages/33/82/40effb1628768af97223df215ed909cc25e0d04d5503667cf7fb5266ee0d/pydantic-1.10.2-cp311-cp311-musllinux_1_1_i686.whl", hash = "sha256:05e00dbebbe810b33c7a7362f231893183bcc4251f3f2ff991c31d5c08240c42"},
    {url = "https://files.pythonhosted.org/packages/33/dd/a8eda780256d32a0ebf2a507e3ee6776e485b98c15b5f6c9ee1661b7374a/pydantic-1.10.2-cp37-cp37m-musllinux_1_1_i686.whl", hash = "sha256:9300fcbebf85f6339a02c6994b2eb3ff1b9c8c14f502058b5bf349d42447dcf5"},
    {url = "https://files.pythonhosted.org/packages/4c/5f/11db15638a3f5b29c7ae6f24b43c1e7985f09b0fe983621d7ef1ff722020/pydantic-1.10.2-cp39-cp39-manylinux_2_17_x86_64.manylinux2014_x86_64.whl", hash = "sha256:6eb843dcc411b6a2237a694f5e1d649fc66c6064d02b204a7e9d194dff81eb4b"},
    {url = "https://files.pythonhosted.org/packages/4c/a9/26873855ce8c1d84cc892036c3396dd1e2d3233201d0b7002451f679ad8d/pydantic-1.10.2-cp310-cp310-macosx_11_0_arm64.whl", hash = "sha256:a1f5a63a6dfe19d719b1b6e6106561869d2efaca6167f84f5ab9347887d78b98"},
    {url = "https://files.pythonhosted.org/packages/4f/53/5747ced47f8af73753bdeb39271acaef47dc63873e0ca16fc33d4a777f31/pydantic-1.10.2-cp38-cp38-macosx_10_9_x86_64.whl", hash = "sha256:b97890e56a694486f772d36efd2ba31612739bc6f3caeee50e9e7e3ebd2fdd13"},
    {url = "https://files.pythonhosted.org/packages/5d/96/3861db92c405d491d02abf17a88f04575311f36688bdb9fb086838d0b379/pydantic-1.10.2-cp311-cp311-manylinux_2_5_i686.manylinux1_i686.manylinux_2_17_i686.manylinux2014_i686.whl", hash = "sha256:7b5ba54d026c2bd2cb769d3468885f23f43710f651688e91f5fb1edcf0ee9283"},
    {url = "https://files.pythonhosted.org/packages/65/06/5925bb1302daaacc28cdf3ac832d62bd0f5fdda5c648409d98cce26d78a4/pydantic-1.10.2-cp39-cp39-musllinux_1_1_i686.whl", hash = "sha256:e0bedafe4bc165ad0a56ac0bd7695df25c50f76961da29c050712596cf092d6d"},
    {url = "https://files.pythonhosted.org/packages/6e/fd/8ffad95e696caf36834c3819d1509f8fb146120501c8deb27c8bfb146b26/pydantic-1.10.2-cp310-cp310-musllinux_1_1_i686.whl", hash = "sha256:e9069e1b01525a96e6ff49e25876d90d5a563bc31c658289a8772ae186552236"},
    {url = "https://files.pythonhosted.org/packages/74/3e/f043a9db9f3ec835b49b084054a83e64a2057d6dabc15da4d2f00edaf8f4/pydantic-1.10.2-cp38-cp38-manylinux_2_17_x86_64.manylinux2014_x86_64.whl", hash = "sha256:06094d18dd5e6f2bbf93efa54991c3240964bb663b87729ac340eb5014310624"},
    {url = "https://files.pythonhosted.org/packages/74/4f/ea30b0bc3ea6f41d73c9aaa26fd51bd9d4f6f755c62625b592c2c2b1b6f0/pydantic-1.10.2-cp311-cp311-manylinux_2_17_x86_64.manylinux2014_x86_64.whl", hash = "sha256:37c90345ec7dd2f1bcef82ce49b6235b40f282b94d3eec47e801baf864d15525"},
    {url = "https://files.pythonhosted.org/packages/7a/1d/d61c9ae42b62686a4230a7747119527269cb8bd17fb7146ee463b1a3ed71/pydantic-1.10.2-cp37-cp37m-musllinux_1_1_x86_64.whl", hash = "sha256:216f3bcbf19c726b1cc22b099dd409aa371f55c08800bcea4c44c8f74b73478d"},
    {url = "https://files.pythonhosted.org/packages/7d/7d/58dd62f792b002fa28cce4e83cb90f4359809e6d12db86eedf26a752895c/pydantic-1.10.2.tar.gz", hash = "sha256:91b8e218852ef6007c2b98cd861601c6a09f1aa32bbbb74fab5b1c33d4a1e410"},
    {url = "https://files.pythonhosted.org/packages/87/f7/b02ec31ffd6eafdd2ca8a4a9f1a3ad2fa68ca8b850de82bbe99053e3d2c0/pydantic-1.10.2-cp310-cp310-manylinux_2_17_x86_64.manylinux2014_x86_64.whl", hash = "sha256:352aedb1d71b8b0736c6d56ad2bd34c6982720644b0624462059ab29bd6e5912"},
    {url = "https://files.pythonhosted.org/packages/88/6f/69a98253109e15de3eba1b6ec5c621f01c9e3735c2d3e6a949b4f467d78e/pydantic-1.10.2-cp310-cp310-manylinux_2_5_i686.manylinux1_i686.manylinux_2_17_i686.manylinux2014_i686.whl", hash = "sha256:19b3b9ccf97af2b7519c42032441a891a5e05c68368f40865a90eb88833c2559"},
    {url = "https://files.pythonhosted.org/packages/8a/18/2050f86b48b79fe731e7ca706f4914dd2fcfa4071ca29d5509deb54972fc/pydantic-1.10.2-cp38-cp38-win_amd64.whl", hash = "sha256:0b959f4d8211fc964772b595ebb25f7652da3f22322c007b6fed26846a40685e"},
    {url = "https://files.pythonhosted.org/packages/8a/b0/8a4349bb4388e1cd6b843a908b33bc1fea261ce948c287fd5b32e094dc96/pydantic-1.10.2-cp38-cp38-manylinux_2_5_i686.manylinux1_i686.manylinux_2_17_i686.manylinux2014_i686.whl", hash = "sha256:cc78cc83110d2f275ec1970e7a831f4e371ee92405332ebfe9860a715f8336e1"},
    {url = "https://files.pythonhosted.org/packages/92/fb/0d5e414d3f72b43c50572f63647fab3abf41cc9f04f810bec97e4d61f09a/pydantic-1.10.2-cp311-cp311-macosx_11_0_arm64.whl", hash = "sha256:d49f3db871575e0426b12e2f32fdb25e579dea16486a26e5a0474af87cb1ab0a"},
    {url = "https://files.pythonhosted.org/packages/97/d5/dc4bd637ba0c2cefc58f40415116b9bbc315aa41da158dc3b81d9d981c1c/pydantic-1.10.2-cp39-cp39-musllinux_1_1_x86_64.whl", hash = "sha256:2e05aed07fa02231dbf03d0adb1be1d79cabb09025dd45aa094aa8b4e7b9dcda"},
    {url = "https://files.pythonhosted.org/packages/a9/ce/f01d53fa974c954610e08be73058436f5df6a5125929a8d732030eeb19a8/pydantic-1.10.2-cp311-cp311-musllinux_1_1_x86_64.whl", hash = "sha256:2d0567e60eb01bccda3a4df01df677adf6b437958d35c12a3ac3e0f078b0ee52"},
    {url = "https://files.pythonhosted.org/packages/af/cf/beecf80bc07c9bd1612219b053950af9b04eb597806c9905dbcfd75fa50d/pydantic-1.10.2-cp39-cp39-macosx_10_9_x86_64.whl", hash = "sha256:c33602f93bfb67779f9c507e4d69451664524389546bacfe1bee13cae6dc7488"},
    {url = "https://files.pythonhosted.org/packages/b0/b5/b673ec4154429dcf152e993fd0a2146a3f8a2de3bc4a2dd0768ba051eefb/pydantic-1.10.2-cp311-cp311-win_amd64.whl", hash = "sha256:c6f981882aea41e021f72779ce2a4e87267458cc4d39ea990729e21ef18f0f8c"},
    {url = "https://files.pythonhosted.org/packages/b2/74/961f37b2c2df5c021dd4ac981750a455f0eea312f3eb074a0b7f0fd4663d/pydantic-1.10.2-cp39-cp39-manylinux_2_5_i686.manylinux1_i686.manylinux_2_17_i686.manylinux2014_i686.whl", hash = "sha256:4b8795290deaae348c4eba0cebb196e1c6b98bdbe7f50b2d0d9a4a99716342fe"},
    {url = "https://files.pythonhosted.org/packages/c2/f7/9c79223c4131bd258dd4b362e426804346b62b1a2e7c914f3eefd6f9f73c/pydantic-1.10.2-cp37-cp37m-macosx_10_9_x86_64.whl", hash = "sha256:c4aac8e7103bf598373208f6299fa9a5cfd1fc571f2d40bf1dd1955a63d6eeb5"},
    {url = "https://files.pythonhosted.org/packages/c4/ab/25e2515801f17d1434500ed59405a9f13030891896bd4fc90088f8bdf610/pydantic-1.10.2-cp311-cp311-macosx_10_9_x86_64.whl", hash = "sha256:a4c805731c33a8db4b6ace45ce440c4ef5336e712508b4d9e1aafa617dc9907f"},
    {url = "https://files.pythonhosted.org/packages/c6/9b/7a383fbd1f5f0ec8143fb9ebf57c22c4356fadedc0ca376262117e6f2878/pydantic-1.10.2-cp310-cp310-musllinux_1_1_x86_64.whl", hash = "sha256:355639d9afc76bcb9b0c3000ddcd08472ae75318a6eb67a15866b87e2efa168c"},
    {url = "https://files.pythonhosted.org/packages/d4/ec/230ab377c457cd68cfda78759e2a57f8c08a9e9adb4cd53c4d2fc9100b15/pydantic-1.10.2-py3-none-any.whl", hash = "sha256:1b6ee725bd6e83ec78b1aa32c5b1fa67a3a65badddde3976bca5fe4568f27709"},
    {url = "https://files.pythonhosted.org/packages/d6/8b/9ec347ac3a848bb8c356ec6c6a5a5066300f37e985915b0fa68cf78f448a/pydantic-1.10.2-cp310-cp310-win_amd64.whl", hash = "sha256:ae544c47bec47a86bc7d350f965d8b15540e27e5aa4f55170ac6a75e5f73b644"},
    {url = "https://files.pythonhosted.org/packages/dc/bf/5965230bf0547c5fa0005984564146dcc414e6e8b6349177eca413761013/pydantic-1.10.2-cp37-cp37m-win_amd64.whl", hash = "sha256:dd3f9a40c16daf323cf913593083698caee97df2804aa36c4b3175d5ac1b92a2"},
    {url = "https://files.pythonhosted.org/packages/e5/23/96ba59f91dc42b35d72d8ffd8eff1f9c4b508b927207f9122fcfa679c495/pydantic-1.10.2-cp38-cp38-musllinux_1_1_x86_64.whl", hash = "sha256:7c2abc4393dea97a4ccbb4ec7d8658d4e22c4765b7b9b9445588f16c71ad9965"},
    {url = "https://files.pythonhosted.org/packages/ef/a8/c11b225b5eae30cf7c00be4d056705aaee42cc646e77e7bda9e407728619/pydantic-1.10.2-cp39-cp39-win_amd64.whl", hash = "sha256:c1ba1afb396148bbc70e9eaa8c06c1716fdddabaf86e7027c5988bae2a829ab6"},
    {url = "https://files.pythonhosted.org/packages/f0/83/9bb5cfa0eca92d0c7c317438ecce33051c3879bf2b0a2b990e4e0d6070b7/pydantic-1.10.2-cp38-cp38-macosx_11_0_arm64.whl", hash = "sha256:9cabf4a7f05a776e7793e72793cd92cc865ea0e83a819f9ae4ecccb1b8aa6116"},
    {url = "https://files.pythonhosted.org/packages/f8/91/814d1d833d4d53ae4854dcb23256c55758b0fc01b90b20a297ee2c76bb84/pydantic-1.10.2-cp39-cp39-macosx_11_0_arm64.whl", hash = "sha256:5760e164b807a48a8f25f8aa1a6d857e6ce62e7ec83ea5d5c5a802eac81bad41"},
    {url = "https://files.pythonhosted.org/packages/fe/5b/6f77e6ebc93e5e3c7fd480e1b171a6547407eba901a56a65d2745df24144/pydantic-1.10.2-cp37-cp37m-manylinux_2_5_i686.manylinux1_i686.manylinux_2_17_i686.manylinux2014_i686.whl", hash = "sha256:bedf309630209e78582ffacda64a21f96f3ed2e51fbf3962d4d488e503420254"},
    {url = "https://files.pythonhosted.org/packages/fe/fd/8f7f8271d526378c927babd1229501e576760cef9a509909a3415eec3c0d/pydantic-1.10.2-cp310-cp310-macosx_10_9_x86_64.whl", hash = "sha256:bb6ad4489af1bac6955d38ebcb95079a836af31e4c4f74aba1ca05bb9f6027bd"},
]
"pygments 2.13.0" = [
    {url = "https://files.pythonhosted.org/packages/4f/82/672cd382e5b39ab1cd422a672382f08a1fb3d08d9e0c0f3707f33a52063b/Pygments-2.13.0-py3-none-any.whl", hash = "sha256:f643f331ab57ba3c9d89212ee4a2dabc6e94f117cf4eefde99a0574720d14c42"},
    {url = "https://files.pythonhosted.org/packages/e0/ef/5905cd3642f2337d44143529c941cc3a02e5af16f0f65f81cbef7af452bb/Pygments-2.13.0.tar.gz", hash = "sha256:56a8508ae95f98e2b9bdf93a6be5ae3f7d8af858b43e02c5a2ff083726be40c1"},
]
"pymongo 4.3.2" = [
    {url = "https://files.pythonhosted.org/packages/05/fd/ef743710edd462edd0fbdb2105098f0bd52b112e8438a18f1d8d5f932d3a/pymongo-4.3.2-cp37-cp37m-manylinux_2_5_i686.manylinux1_i686.manylinux_2_17_i686.manylinux2014_i686.whl", hash = "sha256:6db95d3e955aa5dbe42db691dd77cdddc0bc15f9883aa1def51f3ca40d49c1d6"},
    {url = "https://files.pythonhosted.org/packages/0c/30/672b68dd94e933cd5e03a0c91ac311e150790b3454a7d1607648a0bf4f98/pymongo-4.3.2-cp38-cp38-macosx_10_9_x86_64.whl", hash = "sha256:b36da8aeb95cc1abea7b80e578fb6bcdbe395638d16b1b0068bc121e2111a00f"},
    {url = "https://files.pythonhosted.org/packages/0c/91/5768cca8c050cbb32c8986f1b985b8881eb12186de7284a73b68b6949723/pymongo-4.3.2-cp311-cp311-manylinux_2_17_aarch64.manylinux2014_aarch64.whl", hash = "sha256:cefd851fdea191fc4db780157a28a11e0a80bccd34c454a73f252a287d28b2c7"},
    {url = "https://files.pythonhosted.org/packages/0d/33/d3a8e2fe01e68fb8da16986a6fbef6f3e9d95d5ae926ceec61bbd3720880/pymongo-4.3.2-cp38-cp38-manylinux_2_5_x86_64.manylinux1_x86_64.whl", hash = "sha256:f3861081540e1f06d1e5d131d1419b9fc507834b6865407e0f56735b4082566c"},
    {url = "https://files.pythonhosted.org/packages/0f/45/2c4fbba0b2a45127d4104ab5ee28d700cc3337b1c4d1eada64f83284e027/pymongo-4.3.2-cp310-cp310-manylinux2014_aarch64.whl", hash = "sha256:372307185d8e17ea31d2f3ff6943e213a6c379ccf547f18b05a58a1620d6f92a"},
    {url = "https://files.pythonhosted.org/packages/0f/f7/3d8827982b26f210ff8da4227f28b5166135cf2f9013f0b982989c42f0ee/pymongo-4.3.2-cp311-cp311-manylinux_2_17_s390x.manylinux2014_s390x.whl", hash = "sha256:db94b741dde2cc44ec038495d041c8f6dd4d510bb4e5d0be1b9f9aae4fbb28c6"},
    {url = "https://files.pythonhosted.org/packages/11/7f/ee226578057c246a7b10f6e92f6b649099f96fb0a9a7ebe00d89d949016d/pymongo-4.3.2-cp311-cp311-macosx_10_9_universal2.whl", hash = "sha256:77436db17ab2baec2356cf38db32d13c7cd11267c8137864c67391f2dfdcc5e4"},
    {url = "https://files.pythonhosted.org/packages/12/45/b90d52c99b9d5e2df307d625cccdd6349bbce5e68589cc9d6e9e79572cb1/pymongo-4.3.2-cp37-cp37m-manylinux_2_17_x86_64.manylinux2014_x86_64.whl", hash = "sha256:36e7a74bdab9aa19f5ac94dfd74111d2164ccea752afbef0aa039d1266e7c404"},
    {url = "https://files.pythonhosted.org/packages/1c/06/a7bd6bc2d794ab944969d46094d0980a4c5f5b52f89a7e4458e07e86f45d/pymongo-4.3.2-cp39-cp39-macosx_10_9_universal2.whl", hash = "sha256:cc7b269af274ac0d5d9a5c8d035b03ccc34438baa01705bf8ec7cc6a31093ace"},
    {url = "https://files.pythonhosted.org/packages/22/18/94994913fc39d49740edcd457d78fc19ab52b4936362603f26d6ad541f41/pymongo-4.3.2-cp39-cp39-manylinux2014_x86_64.whl", hash = "sha256:c8e82d6cc2f1cf5017485f55d67375bacf73d95c40903759e46024a987bab86f"},
    {url = "https://files.pythonhosted.org/packages/2c/f2/dfa6dba52d1cb7ae4954566c8f5534da59f8b7612bde41b7a5ab10415e5d/pymongo-4.3.2-cp39-cp39-manylinux2014_i686.whl", hash = "sha256:94639935caf13af551429bd13e4cb20e7c110a57d07f0c6a84a9bf3c2c9000ad"},
    {url = "https://files.pythonhosted.org/packages/33/7e/cc180bf40515c7665522b88490f5c2257a4e76cebc58d0826b90d3ec547a/pymongo-4.3.2-cp37-cp37m-manylinux2014_x86_64.whl", hash = "sha256:af46f635513c7339419374f46f4f662cee7140bfb86de4377885a2c1de2278d4"},
    {url = "https://files.pythonhosted.org/packages/34/d4/7405e91248f6dd93c2c8f372e145534f4efcbb27834b0b034fb5650d322f/pymongo-4.3.2-cp39-cp39-manylinux1_x86_64.whl", hash = "sha256:11630f5b3287375c85f5b7a788d3a7241671af24fda2b49a3396bc53cbf1c0c6"},
    {url = "https://files.pythonhosted.org/packages/36/76/705373623e0e8ae1dfb4f53e260cd9d106ebdbc99703ac5f6c8c7f8f2d1a/pymongo-4.3.2-cp37-cp37m-macosx_10_6_intel.whl", hash = "sha256:80bdfc7039674c670e1afbf95849ce2075731785527eeac7e3850e862dec239b"},
    {url = "https://files.pythonhosted.org/packages/3e/0b/e87226f858f405a191b50da26b771fa0c6afc6667b5741117e5e65a3e803/pymongo-4.3.2-cp310-cp310-manylinux_2_17_aarch64.manylinux2014_aarch64.whl", hash = "sha256:a06c9ca15a2133478d1c775c4e7e5e782961b6254a3fc81ab5d0fb3cf9b8e358"},
    {url = "https://files.pythonhosted.org/packages/3e/11/a5b51ac5239c3d2d4883d0e7d8222bd51545b2546745e7364ed178df0f67/pymongo-4.3.2-cp310-cp310-macosx_10_9_universal2.whl", hash = "sha256:68320e5326e2b1e49dcd901e6dcbe3009b8a0fd0da0c618579a2be7cf5f2d7be"},
    {url = "https://files.pythonhosted.org/packages/3f/90/1acc2d6d685df6e907db1a8b3ef9e0fd147d534a11e2a5bf141476ea25b9/pymongo-4.3.2-cp38-cp38-manylinux_2_17_ppc64le.manylinux2014_ppc64le.whl", hash = "sha256:26dd79e60f883b6467b91c8af0be484147365b18cebf9248f8e72c035aecb693"},
    {url = "https://files.pythonhosted.org/packages/42/f4/dba9c63849da901a5369e494f47c9d20ad931ac9d1830845625c6b08e618/pymongo-4.3.2-cp38-cp38-manylinux_2_17_s390x.manylinux2014_s390x.whl", hash = "sha256:715ad027daff84e213ab74fa3ec98cad8dabb669653a71daa0dd6f80a1c32dd0"},
    {url = "https://files.pythonhosted.org/packages/47/38/284ec98363fdf14203a0478b16715e3b4e8d7a039aaf713a6ca3fb987966/pymongo-4.3.2-cp38-cp38-manylinux2014_x86_64.whl", hash = "sha256:0d7ad2112a705e992ca0cca98ccbb874276c495f8d9df627438c2ee94f810a3d"},
    {url = "https://files.pythonhosted.org/packages/47/f2/9771504459e95b5345e8aad31848b80f030f0e8ef53b77c908b64bdaf4f9/pymongo-4.3.2-cp310-cp310-manylinux2014_i686.whl", hash = "sha256:1be15568e4b2be4c75bc54a542276c857628e09cbc283befcf4c45a0a22c1eec"},
    {url = "https://files.pythonhosted.org/packages/4d/2b/eaba7fa989df7a7fe2cd3f0e30db194844a85e026659d9686f86401db5b1/pymongo-4.3.2-cp310-cp310-manylinux_2_17_x86_64.manylinux2014_x86_64.whl", hash = "sha256:95f41c4e3b9e315655d6d1136d904ceda24fe5ea2d273ec6f9d66dbef06f3446"},
    {url = "https://files.pythonhosted.org/packages/4d/c3/c3954e9bf1caf080b6e34a20fd1d6683755fa735361ee05e548143298c11/pymongo-4.3.2-cp39-cp39-manylinux_2_5_i686.manylinux1_i686.whl", hash = "sha256:f423e066de040f4f93dcac0e6ceec37ffc25cc591a609ecc3ab20adfdbb787ae"},
    {url = "https://files.pythonhosted.org/packages/4f/0f/8f988cfab2afccb9b118af1a4a6f816206fa01bb4943af3a6bebc86c9a25/pymongo-4.3.2-cp37-cp37m-manylinux2014_i686.whl", hash = "sha256:dab1d89f969046057be2b904a7bbf40df114f43aebfb3ccdceb054d9c40ec56d"},
    {url = "https://files.pythonhosted.org/packages/50/65/2d8c8c0c0333c72348a7307da9a965a27c27697c54940b0e1c31408a28da/pymongo-4.3.2-cp39-cp39-win32.whl", hash = "sha256:53dd2c034fb92c019e5e581cd361ed3fa9833abb56cc76725d56dcba169746fe"},
    {url = "https://files.pythonhosted.org/packages/54/0f/a0d7e4f15ff75be51a7407adfee68b1e9309da867ff1227400b61797a111/pymongo-4.3.2-cp37-cp37m-manylinux2014_ppc64le.whl", hash = "sha256:0f48c2562a1d1426b6db7567511dc62817df43357041e1fd4ea5c68278bfa11b"},
    {url = "https://files.pythonhosted.org/packages/58/57/c8e7c8c905ed9c398c844812f82be6887caba60a4cf082874b23dcc982e1/pymongo-4.3.2-cp39-cp39-manylinux_2_5_i686.manylinux1_i686.manylinux_2_17_i686.manylinux2014_i686.whl", hash = "sha256:7b2a8b2b7d9196d46e5181f88632eeca5bf79a69ca2e9911229c58f66aebfbeb"},
    {url = "https://files.pythonhosted.org/packages/5c/cd/083afc9526cc56d5a06248f9b466148821d423cc536473dc8c83e2f1553d/pymongo-4.3.2-cp37-cp37m-manylinux_2_17_aarch64.manylinux2014_aarch64.whl", hash = "sha256:e96483316a799923f13bb61170f05feab22e8bd8630bf8cdcd440c78f307039a"},
    {url = "https://files.pythonhosted.org/packages/60/7d/a593fb244ec97b842b9265a18079ecc5f0548ec7f20082a8a9ce66f2d6cd/pymongo-4.3.2-cp39-cp39-win_amd64.whl", hash = "sha256:d7bdfac2f3c87d0971691f2a091427f55bb6b94b23d74213ed2de87d8facba85"},
    {url = "https://files.pythonhosted.org/packages/63/9b/a4445b89ec1606d73acb3fcf8f2a320d66980bd397101059d1d547fd30ef/pymongo-4.3.2-cp39-cp39-manylinux_2_17_x86_64.manylinux2014_x86_64.whl", hash = "sha256:6498ae9a76ad64617703373a43e3cd8454271bca0d7d395b393b4f31aa68f734"},
    {url = "https://files.pythonhosted.org/packages/65/eb/1a8c12f7712b0e6d6641e74deec7f238d6f3b83eda6fce2234699ca0ade3/pymongo-4.3.2-cp38-cp38-win_amd64.whl", hash = "sha256:64b010681019c0b312f342e3aae1f3091a7dc7ff4b7a3dec72fc0e7238be9477"},
    {url = "https://files.pythonhosted.org/packages/66/fb/1c1ffaf7c90b7f5e9e5764a35f6d59920235c65dff3c93522c84b292474d/pymongo-4.3.2-cp39-cp39-manylinux_2_17_aarch64.manylinux2014_aarch64.whl", hash = "sha256:ab7f49c5ca3db7ae94743b0da1b21c5e7402a561a0614c1b0fba718aad591611"},
    {url = "https://files.pythonhosted.org/packages/68/90/6c7e68c02b0d5280c68b8bf7e19568dbfdefe6ba209cc4e92c7af6e4936f/pymongo-4.3.2-cp37-cp37m-manylinux_2_17_ppc64le.manylinux2014_ppc64le.whl", hash = "sha256:07f58d05d2289f93e16ddc93be6e0453fa67afd33c1b015f6bd3d9741c0963ff"},
    {url = "https://files.pythonhosted.org/packages/69/b9/9afd5b57f77ae6efc75f326c870411513a1f3cb65cebed203dc123954aef/pymongo-4.3.2-cp37-cp37m-manylinux2014_aarch64.whl", hash = "sha256:b4b683a40cf07b6d16704ead92a7aee24208d3af83d55d31248cdac003f8591c"},
    {url = "https://files.pythonhosted.org/packages/6c/8d/b0ccfc5948d41f09bb5b00fa6d6febe7bcfd0e553f24399fe532cd20a514/pymongo-4.3.2-cp311-cp311-manylinux_2_17_ppc64le.manylinux2014_ppc64le.whl", hash = "sha256:7c22ad464688a807bec103734cbdf712489c74d439cdd346e6f12095070bfbf5"},
    {url = "https://files.pythonhosted.org/packages/6e/b7/021eaba4948c3a97dc482c8a21f1380f82522bb1108ac576d3928168d58d/pymongo-4.3.2-cp311-cp311-win_amd64.whl", hash = "sha256:0c8f061eabef3a6b3696f7f7be3eaed7928864ff84a2248429f9c7eb564343cc"},
    {url = "https://files.pythonhosted.org/packages/71/5d/74c71244c7fed309a4408a1e0b76d30794659835cc80d4fd676e7c6cb72c/pymongo-4.3.2-cp37-cp37m-manylinux_2_17_s390x.manylinux2014_s390x.whl", hash = "sha256:8817b17db2013354aa7f187d5825d65da0d7720b5ca697af37ff5efdf97e7f62"},
    {url = "https://files.pythonhosted.org/packages/73/7e/77d03b3b0fc1f9ab54686d7c49285e3e41ace43d975681091a4af0a451c4/pymongo-4.3.2-cp37-cp37m-win32.whl", hash = "sha256:3966dcba4b80dbc0eb4dd08d6f7127e3b1701cd829b6c13507a956c878b78546"},
    {url = "https://files.pythonhosted.org/packages/74/68/67eeddc99dc7a5b54752f6248c56001d9b886efd0f482f5742a293b6b3b0/pymongo-4.3.2-cp38-cp38-manylinux_2_5_i686.manylinux1_i686.manylinux_2_17_i686.manylinux2014_i686.whl", hash = "sha256:8f968621d019ed165f1cb5b037875ce3425ea7704407234895c7c52ad32190da"},
    {url = "https://files.pythonhosted.org/packages/79/79/058e404ea52ae6d02d41284b82cd678d08b0612eb344c99be437a5d05398/pymongo-4.3.2-cp310-cp310-manylinux_2_17_s390x.manylinux2014_s390x.whl", hash = "sha256:178ffaa833d473b16fbd65c4a485af56484a50e2a201e8d0547f98cf5007f133"},
    {url = "https://files.pythonhosted.org/packages/83/d3/1fe2b7b4468a2c08613013a2bda962e02017c9d34046522bcb45499fdba6/pymongo-4.3.2-cp310-cp310-manylinux_2_5_i686.manylinux1_i686.manylinux_2_17_i686.manylinux2014_i686.whl", hash = "sha256:352bc034e112c9f6a408e2796e74bae900d3167a804224b2c24ea75b5d57e9f9"},
    {url = "https://files.pythonhosted.org/packages/83/e0/fd02ccf2259c7f1cce32eb127116e85d111467a76cba2cff7d1790e5db5a/pymongo-4.3.2-cp39-cp39-manylinux_2_5_x86_64.manylinux1_x86_64.whl", hash = "sha256:04597a5d877a984b5e3059e942b02d68f8af9bb4328592abca27e82015560112"},
    {url = "https://files.pythonhosted.org/packages/85/87/47568208772443e187ec7168586d45dd27a4b1707e621d3419fb97df88be/pymongo-4.3.2-cp311-cp311-manylinux_2_5_i686.manylinux1_i686.manylinux_2_17_i686.manylinux2014_i686.whl", hash = "sha256:c5db3bddbbc2657aa76088e76d24a616aefc98883c48dc27f3c3829ddb2ca10d"},
    {url = "https://files.pythonhosted.org/packages/86/21/6a90dd73dfaa62e0f817d01358f0888ee17c64f6e75012829b518a16a0b3/pymongo-4.3.2-cp38-cp38-manylinux_2_5_i686.manylinux1_i686.whl", hash = "sha256:4f7763c9e37e6d59406ce2defc25266980b24a86708ec6db753b02459db45715"},
    {url = "https://files.pythonhosted.org/packages/8f/cf/0bf8f53c0572ccb5945f2e6d16d32af1dc31cd16261edf3aacf93b6cc7e8/pymongo-4.3.2-cp38-cp38-manylinux1_x86_64.whl", hash = "sha256:07e05784578bf7f8ecdfc6d0fd1e684e6259e9b5fdb5439a58c4f0df950fae29"},
    {url = "https://files.pythonhosted.org/packages/97/ca/bf19655de3ab42f255623a1f2a1409fc11f080658a51987c41c02d3751f5/pymongo-4.3.2-cp38-cp38-manylinux2014_aarch64.whl", hash = "sha256:f84b8428a41d7d7f2931762c27b09ffa8b3bc51e3b5dab40ab2b1d008091247e"},
    {url = "https://files.pythonhosted.org/packages/a2/3f/37f6bfc42c833581a2f9b2c729b339efac67cf88fdcb5e357b02b5371db6/pymongo-4.3.2-cp37-cp37m-win_amd64.whl", hash = "sha256:6461d29a967e1980ba7798e4da8178dbe4245fe4a66ebb3aa07339c9da383c3a"},
    {url = "https://files.pythonhosted.org/packages/a4/4e/91d657fe2f067fd6e12119ad9a5606bdec8bdf2ce00b8f160feab4f6e24d/pymongo-4.3.2-cp38-cp38-manylinux2014_i686.whl", hash = "sha256:39308580bcdbc368a2664c48761226c06b1d3368cc3ab3492d3cca88dc2e5e27"},
    {url = "https://files.pythonhosted.org/packages/a4/fa/73b91bd2e7eac6a0d24d9cff537044005d7ad572f812087e869a74365e6f/pymongo-4.3.2-cp310-cp310-manylinux1_i686.whl", hash = "sha256:3f41781c8310fe1ae3ed0b809e2d7be6ebba9f0954c08e1d18ac443916b82b29"},
    {url = "https://files.pythonhosted.org/packages/a6/66/940b469b28ab81a03a1aadcc325166d992cef7d4b255f4e99c8f3b4acfcb/pymongo-4.3.2-cp310-cp310-win_amd64.whl", hash = "sha256:6049927b50c39e7dc51e75b5bb30c8501fbf1f08414b3447bcc9f9f967c116ed"},
    {url = "https://files.pythonhosted.org/packages/aa/58/38bc3a1134fb2b1ea9b245e7031b8aa8fca0d5bc0ca46140370b8c8aa0d8/pymongo-4.3.2-cp310-cp310-manylinux2014_ppc64le.whl", hash = "sha256:cad31512e6956c95210fbd585d5b80df28425251260387164c6382894f0c6eca"},
    {url = "https://files.pythonhosted.org/packages/af/81/3cc9abed256999ddc867e82114f6541f6e5db07e274b41c79006bb6aaad6/pymongo-4.3.2-cp38-cp38-manylinux2014_ppc64le.whl", hash = "sha256:7f907daec92208d748db4ea04568aa33e9254e0c27e4e40ac287e1b1ca8b12b5"},
    {url = "https://files.pythonhosted.org/packages/b2/7c/8e50c5b006d935a082fb8bcaed832e50fefd9799b3bc2662bfc38453a575/pymongo-4.3.2-cp39-cp39-manylinux2014_s390x.whl", hash = "sha256:98fd65c2aee7a55615dda1a1b0340ae8d756151983cb5040ea59a730083221e7"},
    {url = "https://files.pythonhosted.org/packages/b5/77/83f985f480eebcc4e235f6da344daa985edc0f15607f40f8aaa66b752029/pymongo-4.3.2-cp37-cp37m-manylinux_2_5_i686.manylinux1_i686.whl", hash = "sha256:aee8fafea8bb669deb0dd4878d947f79b2ef298e60f06e1fe799598929b68be2"},
    {url = "https://files.pythonhosted.org/packages/c0/9f/5f3faa5f9ab62d616b1eb4732b9b57d65d4f61119f447981c384e84a2693/pymongo-4.3.2-cp310-cp310-manylinux2014_s390x.whl", hash = "sha256:b510843ea70e5bc9c096a93f683b28e8d43f1ad89da0126502d88b3d90f07ebe"},
    {url = "https://files.pythonhosted.org/packages/c2/03/59f6a7d910060e9e3ad35b2226e2df0bea017cb2a361e82b275a0ba6d849/pymongo-4.3.2-cp37-cp37m-manylinux1_i686.whl", hash = "sha256:8d81f6f5f6e66481aadd2fc087a937833312de23cd94b5ea1b225f35fafb0a00"},
    {url = "https://files.pythonhosted.org/packages/c5/ff/ebddc0952bf5706e538546b532f427a47bc2e9489b15437ffdf465ad5d34/pymongo-4.3.2-cp38-cp38-manylinux_2_17_x86_64.manylinux2014_x86_64.whl", hash = "sha256:ceded83530f5507dadd873f8d004b56f996de44d9c3f56b7f26c22ca823f12ee"},
    {url = "https://files.pythonhosted.org/packages/cc/df/3a652afbc9aeac3ef4cc4e543be11d7f1c393bc08f807c87acf109673e36/pymongo-4.3.2-cp311-cp311-win32.whl", hash = "sha256:006799ddba1f2e73ce27689f016791ab80e51876c52ae2265d8c76016baaa10e"},
    {url = "https://files.pythonhosted.org/packages/ce/fb/fc4e1925d5ce29d1a6de623ea451c0d846e39789b8d58d20c891ac71df62/pymongo-4.3.2-cp38-cp38-manylinux1_i686.whl", hash = "sha256:315fe5f628e9aee67cc4c17b91ddf08c5c0917b764f433a5acf9aed33164a8f0"},
    {url = "https://files.pythonhosted.org/packages/d0/69/17692bd65ffe72f8c019f4a5feca0b2f63441b74b51525edbc159e56ae4a/pymongo-4.3.2-cp38-cp38-win32.whl", hash = "sha256:7424b7c59b16e7889a720a5b2e2dda518753c6fec6c6582ab2fcedf97df3df75"},
    {url = "https://files.pythonhosted.org/packages/d3/ad/6f6f80e0da1f7d18f1505c32dbc4a01cd4c5e712b1d4f5637186409b8da7/pymongo-4.3.2.tar.gz", hash = "sha256:95913659d6c5fc714e662533d014836c988cc1561684f07b6a0a8343651afa66"},
    {url = "https://files.pythonhosted.org/packages/d5/61/0419290826bf140770a82d7e5f52c5e46f27ed15e3550f45e6f6c93631d4/pymongo-4.3.2-cp39-cp39-manylinux1_i686.whl", hash = "sha256:68213f4c1531b95dcfef40f79dd95e94484f69ec5949b7f42f82ad2bee135f7f"},
    {url = "https://files.pythonhosted.org/packages/d8/92/0154a928816f70649d5bd02d6f122bdb9cff0f59919aae04d1522b1eaed9/pymongo-4.3.2-cp37-cp37m-manylinux1_x86_64.whl", hash = "sha256:02140c1a9f2107a16c074c9e558a556faafb0dc3c2e9332c6685c5506823ab9d"},
    {url = "https://files.pythonhosted.org/packages/da/2a/f5e6592dd672030ca739000d3de6130bb2b37c0eccc187ad73899a73a603/pymongo-4.3.2-cp310-cp310-manylinux_2_17_ppc64le.manylinux2014_ppc64le.whl", hash = "sha256:5231eb29e8174509250bc5fc609d6e8eceebfb209bf37bd6e014cbd7b6554344"},
    {url = "https://files.pythonhosted.org/packages/e3/54/e1bbbe24497edf3acf806b92716b142076d56688d9c4bd0c0ef5c57055d2/pymongo-4.3.2-cp39-cp39-manylinux2014_ppc64le.whl", hash = "sha256:7ce5d43c011e03cd1a42a4dcc0d5c8772f18533cdfe672a63607942d62581df4"},
    {url = "https://files.pythonhosted.org/packages/e4/0f/c76f95efe8815160c196aaa4c64cc0452584befbf6a3ac2b39b074a96f81/pymongo-4.3.2-cp310-cp310-win32.whl", hash = "sha256:28ab644adc92c21a249570e2d677ebf4f2ef374630ddec98f19d2630dcb154c6"},
    {url = "https://files.pythonhosted.org/packages/e6/f2/8e37426e52e75954495756a41f7c675a20b5b3725c3066b5211c3fd2a03e/pymongo-4.3.2-cp310-cp310-manylinux2014_x86_64.whl", hash = "sha256:253faefea46482ffa87c77fdd01cd95d430cc84aae8d7a78ba920ea6cebcf3c7"},
    {url = "https://files.pythonhosted.org/packages/e8/39/10ee67b9c331d47b6759b0add92094edffbf945d87ecefc3dd34444a9cde/pymongo-4.3.2-cp39-cp39-manylinux_2_17_s390x.manylinux2014_s390x.whl", hash = "sha256:2c821c897498e3e3c3254f7a90195f71473361f502201fd396281869d8108857"},
    {url = "https://files.pythonhosted.org/packages/e9/50/d5fba4194bab7c3b2590998ca6c3cc8aa2d056f1788e24af215514aab22e/pymongo-4.3.2-cp311-cp311-manylinux_2_17_x86_64.manylinux2014_x86_64.whl", hash = "sha256:21e1cfa3e73cd253afcad32e2a46a277f52553635ccc0dd4d643f5824af88428"},
    {url = "https://files.pythonhosted.org/packages/ed/76/de429ff6d3fa5da0cd8cd9b31e7be2031a8917df064101576f4fcef453c4/pymongo-4.3.2-cp38-cp38-manylinux_2_17_aarch64.manylinux2014_aarch64.whl", hash = "sha256:e4082d1b660e70d9df71da00050f7adb902b73a2287216e69ada124bd2f89636"},
    {url = "https://files.pythonhosted.org/packages/f0/49/302d8d551ee086a859b078177d8f62f2cb31ccba7dc07198f2fe01ba3916/pymongo-4.3.2-cp39-cp39-manylinux_2_17_ppc64le.manylinux2014_ppc64le.whl", hash = "sha256:404bc7f7190e8975f41f0c7498e303e9cb291f6384e1889ac4333448652a83d6"},
    {url = "https://files.pythonhosted.org/packages/f9/57/4ce00bb1f08639b8636c285d7981bddbd9560e0294d1ff17fcb49491277d/pymongo-4.3.2-cp37-cp37m-manylinux_2_5_x86_64.manylinux1_x86_64.whl", hash = "sha256:cea32bd14d8c0725e22e5fcc607a81e3636650c689697c12423a34f9a125c7e2"},
    {url = "https://files.pythonhosted.org/packages/fb/9d/176e06bae0bb1d0ace6d72c9b539789e6d21705f58233dac49c4c3b76a26/pymongo-4.3.2-cp37-cp37m-manylinux2014_s390x.whl", hash = "sha256:ce14598b8fa93e51aed0f400e446fddd6b26297ba5965fd0c0585614b60b9fc0"},
    {url = "https://files.pythonhosted.org/packages/ff/e6/252f824acef1f6768c92b2b31d279e3c167e002a8f4a9fc7c8de074eb056/pymongo-4.3.2-cp38-cp38-manylinux2014_s390x.whl", hash = "sha256:cb47ba9c19da8fb4174f9d7bbbdb1796ad288c61dda35c96fb45d69e61d3a5cb"},
    {url = "https://files.pythonhosted.org/packages/ff/ed/8cce5480249a7204711fb187addda04287692800ec69e76cd17c15686eb4/pymongo-4.3.2-cp39-cp39-manylinux2014_aarch64.whl", hash = "sha256:35e9eec45a212306143367b0702c2aff75c375290015af00fa8b653641c20b34"},
]
"rfc3986 2.0.0" = [
    {url = "https://files.pythonhosted.org/packages/85/40/1520d68bfa07ab5a6f065a186815fb6610c86fe957bc065754e47f7b0840/rfc3986-2.0.0.tar.gz", hash = "sha256:97aacf9dbd4bfd829baad6e6309fa6573aaf1be3f6fa735c8ab05e46cecb261c"},
    {url = "https://files.pythonhosted.org/packages/ff/9a/9afaade874b2fa6c752c36f1548f718b5b83af81ed9b76628329dab81c1b/rfc3986-2.0.0-py2.py3-none-any.whl", hash = "sha256:50b1502b60e289cb37883f3dfd34532b8873c7de9f49bb546641ce9cbd256ebd"},
]
"sniffio 1.3.0" = [
    {url = "https://files.pythonhosted.org/packages/c3/a0/5dba8ed157b0136607c7f2151db695885606968d1fae123dc3391e0cfdbf/sniffio-1.3.0-py3-none-any.whl", hash = "sha256:eecefdce1e5bbfb7ad2eeaabf7c1eeb404d7757c379bd1f7e5cce9d8bf425384"},
    {url = "https://files.pythonhosted.org/packages/cd/50/d49c388cae4ec10e8109b1b833fd265511840706808576df3ada99ecb0ac/sniffio-1.3.0.tar.gz", hash = "sha256:e60305c5e5d314f5389259b7f22aaa33d8f7dee49763119234af3755c55b9101"},
]
"starlette 0.20.4" = [
    {url = "https://files.pythonhosted.org/packages/51/37/8ac52116984d6a0d8502ec2c7e4a4a78f862b76410cdb1a4bcb384c91cb3/starlette-0.20.4-py3-none-any.whl", hash = "sha256:c0414d5a56297d37f3db96a84034d61ce29889b9eaccf65eb98a0b39441fcaa3"},
    {url = "https://files.pythonhosted.org/packages/b7/9b/dc9fa4c05a8aceb7abbf057b1279f0007ce8ab42c9b8f31a9c71981955bc/starlette-0.20.4.tar.gz", hash = "sha256:42fcf3122f998fefce3e2c5ad7e5edbf0f02cf685d646a83a08d404726af5084"},
]
"typing-extensions 4.4.0" = [
    {url = "https://files.pythonhosted.org/packages/0b/8e/f1a0a5a76cfef77e1eb6004cb49e5f8d72634da638420b9ea492ce8305e8/typing_extensions-4.4.0-py3-none-any.whl", hash = "sha256:16fa4864408f655d35ec496218b85f79b3437c829e93320c7c9215ccfd92489e"},
    {url = "https://files.pythonhosted.org/packages/e3/a7/8f4e456ef0adac43f452efc2d0e4b242ab831297f1bac60ac815d37eb9cf/typing_extensions-4.4.0.tar.gz", hash = "sha256:1511434bb92bf8dd198c12b1cc812e800d4181cfcb867674e0f8279cc93087aa"},
]
